
Microsoft Visual Studio Solution File, Format Version 12.00
# Visual Studio Version 17
VisualStudioVersion = 17.9.34310.174
MinimumVisualStudioVersion = 10.0.40219.1
Project("{9A19103F-16F7-4668-BE54-9A1E7A4F7556}") = "gidrant", "gidrant\gidrant.csproj", "{8D0947E3-6D48-4450-A416-2B57E12FCE22}"
EndProject
Project("{FAE04EC0-301F-11D3-BF4B-00C04F79EFBC}") = "GidrantsTest", "GidrantsTest\GidrantsTest.csproj", "{7A38BFBE-4447-4E6D-B781-CB9EFC0A2243}"
EndProject
Global
	GlobalSection(SolutionConfigurationPlatforms) = preSolution
		Debug|Any CPU = Debug|Any CPU
		Release|Any CPU = Release|Any CPU
	EndGlobalSection
	GlobalSection(ProjectConfigurationPlatforms) = postSolution
		{8D0947E3-6D48-4450-A416-2B57E12FCE22}.Debug|Any CPU.ActiveCfg = Debug|Any CPU
		{8D0947E3-6D48-4450-A416-2B57E12FCE22}.Debug|Any CPU.Build.0 = Debug|Any CPU
		{8D0947E3-6D48-4450-A416-2B57E12FCE22}.Release|Any CPU.ActiveCfg = Release|Any CPU
		{8D0947E3-6D48-4450-A416-2B57E12FCE22}.Release|Any CPU.Build.0 = Release|Any CPU
		{7A38BFBE-4447-4E6D-B781-CB9EFC0A2243}.Debug|Any CPU.ActiveCfg = Debug|Any CPU
		{7A38BFBE-4447-4E6D-B781-CB9EFC0A2243}.Debug|Any CPU.Build.0 = Debug|Any CPU
		{7A38BFBE-4447-4E6D-B781-CB9EFC0A2243}.Release|Any CPU.ActiveCfg = Release|Any CPU
		{7A38BFBE-4447-4E6D-B781-CB9EFC0A2243}.Release|Any CPU.Build.0 = Release|Any CPU
	EndGlobalSection
	GlobalSection(SolutionProperties) = preSolution
		HideSolutionNode = FALSE
	EndGlobalSection
	GlobalSection(ExtensibilityGlobals) = postSolution
		SolutionGuid = {056E541E-F13E-4AFC-93FE-4987D9EABD4E}
	EndGlobalSection
EndGlobal
